
Microsoft Visual Studio Solution File, Format Version 12.00
# Visual Studio Version 17
VisualStudioVersion = 17.1.32210.238
MinimumVisualStudioVersion = 10.0.40219.1
Project("{FAE04EC0-301F-11D3-BF4B-00C04F79EFBC}") = "IntroToProgramming - ExtraLabs01", "IntroToProgramming - ExtraLabs01\IntroToProgramming - ExtraLabs01.csproj", "{5BA88EAC-10F3-4331-A930-9F3FC45231CE}"
EndProject
Global
	GlobalSection(SolutionConfigurationPlatforms) = preSolution
		Debug|Any CPU = Debug|Any CPU
		Release|Any CPU = Release|Any CPU
	EndGlobalSection
	GlobalSection(ProjectConfigurationPlatforms) = postSolution
		{5BA88EAC-10F3-4331-A930-9F3FC45231CE}.Debug|Any CPU.ActiveCfg = Debug|Any CPU
		{5BA88EAC-10F3-4331-A930-9F3FC45231CE}.Debug|Any CPU.Build.0 = Debug|Any CPU
		{5BA88EAC-10F3-4331-A930-9F3FC45231CE}.Release|Any CPU.ActiveCfg = Release|Any CPU
		{5BA88EAC-10F3-4331-A930-9F3FC45231CE}.Release|Any CPU.Build.0 = Release|Any CPU
	EndGlobalSection
	GlobalSection(SolutionProperties) = preSolution
		HideSolutionNode = FALSE
	EndGlobalSection
	GlobalSection(ExtensibilityGlobals) = postSolution
		SolutionGuid = {DF86DF80-DE1E-400F-83F1-FB2779273728}
	EndGlobalSection
EndGlobal
